
Microsoft Visual Studio Solution File, Format Version 12.00
# Visual Studio Version 17
VisualStudioVersion = 17.0.32014.148
MinimumVisualStudioVersion = 10.0.40219.1
Project("{9A19103F-16F7-4668-BE54-9A1E7A4F7556}") = "Rubik`s Cube", "Graphics_OpenTK\Rubik`s Cube.csproj", "{22BF14CB-0804-41E0-AC1F-CC867AF51B59}"
EndProject
Project("{FAE04EC0-301F-11D3-BF4B-00C04F79EFBC}") = "RayTracing", "RayTracing\RayTracing.csproj", "{7984B899-DA93-4409-AAC9-1E9481F63C68}"
EndProject
Global
	GlobalSection(SolutionConfigurationPlatforms) = preSolution
		Debug|Any CPU = Debug|Any CPU
		Release|Any CPU = Release|Any CPU
	EndGlobalSection
	GlobalSection(ProjectConfigurationPlatforms) = postSolution
		{22BF14CB-0804-41E0-AC1F-CC867AF51B59}.Debug|Any CPU.ActiveCfg = Debug|Any CPU
		{22BF14CB-0804-41E0-AC1F-CC867AF51B59}.Debug|Any CPU.Build.0 = Debug|Any CPU
		{22BF14CB-0804-41E0-AC1F-CC867AF51B59}.Release|Any CPU.ActiveCfg = Release|Any CPU
		{22BF14CB-0804-41E0-AC1F-CC867AF51B59}.Release|Any CPU.Build.0 = Release|Any CPU
		{7984B899-DA93-4409-AAC9-1E9481F63C68}.Debug|Any CPU.ActiveCfg = Debug|Any CPU
		{7984B899-DA93-4409-AAC9-1E9481F63C68}.Debug|Any CPU.Build.0 = Debug|Any CPU
		{7984B899-DA93-4409-AAC9-1E9481F63C68}.Release|Any CPU.ActiveCfg = Release|Any CPU
		{7984B899-DA93-4409-AAC9-1E9481F63C68}.Release|Any CPU.Build.0 = Release|Any CPU
	EndGlobalSection
	GlobalSection(SolutionProperties) = preSolution
		HideSolutionNode = FALSE
	EndGlobalSection
	GlobalSection(ExtensibilityGlobals) = postSolution
		SolutionGuid = {603A55EB-94E5-484B-ABF1-33492A57218A}
	EndGlobalSection
EndGlobal
